
Microsoft Visual Studio Solution File, Format Version 12.00
# Visual Studio 15
VisualStudioVersion = 15.0.26730.15
MinimumVisualStudioVersion = 10.0.40219.1
Project("{9A19103F-16F7-4668-BE54-9A1E7A4F7556}") = "FramewrokApp", "FramewrokApp\FramewrokApp.csproj", "{A909CB7D-F28C-4B5B-93B3-015EE527D9B4}"
EndProject
Project("{2150E333-8FDC-42A3-9474-1A3956D46DE8}") = "Domain", "Domain", "{C1D04472-94B1-488C-BD39-6D696406B36D}"
EndProject
Project("{9A19103F-16F7-4668-BE54-9A1E7A4F7556}") = "FrameworkApp.Entities", "FrameworkApp.Entities\FrameworkApp.Entities.csproj", "{557E5A94-27AD-40EB-A4A7-4B0B52B74F81}"
EndProject
Project("{9A19103F-16F7-4668-BE54-9A1E7A4F7556}") = "FrameworkApp.RepositoryInterfaces", "FrameworkApp.RepositoryInterfaces\FrameworkApp.RepositoryInterfaces.csproj", "{23C1A0C5-4B55-404F-92C8-D69323594C78}"
EndProject
Project("{2150E333-8FDC-42A3-9474-1A3956D46DE8}") = "Infrastructure", "Infrastructure", "{BBCA52BF-1C79-4234-9B6B-AEFCA05348AC}"
EndProject
Project("{9A19103F-16F7-4668-BE54-9A1E7A4F7556}") = "FrameworkApp.Data", "FrameworkApp.Data\FrameworkApp.Data.csproj", "{3A2B6684-8CD0-41E4-924B-B188A42FB83C}"
EndProject
Project("{9A19103F-16F7-4668-BE54-9A1E7A4F7556}") = "FrameworkApp.ServiceInterfaces", "FrameworkApp.ServiceInterfaces\FrameworkApp.ServiceInterfaces.csproj", "{E25D2ADF-9979-41E6-A42A-138701F93AFF}"
EndProject
Project("{2150E333-8FDC-42A3-9474-1A3956D46DE8}") = "BusinessLogic", "BusinessLogic", "{14535730-DF0C-4278-8438-8A1F9C8C43AF}"
EndProject
Project("{9A19103F-16F7-4668-BE54-9A1E7A4F7556}") = "FrameworkApp.BusinessLogic", "FrameworkApp.BusinessLogic\FrameworkApp.BusinessLogic.csproj", "{9F5F530C-E65F-4E3B-9BC7-45FB4EB8E6A4}"
EndProject
Project("{9A19103F-16F7-4668-BE54-9A1E7A4F7556}") = "FrameworkApp.DependencyInjection", "Framework.DependencyInjection\FrameworkApp.DependencyInjection.csproj", "{F879033A-7A73-44AC-88EA-96A58220B543}"
EndProject
Project("{FAE04EC0-301F-11D3-BF4B-00C04F79EFBC}") = "FrameworkApp.Common", "FrameworkApp.Common\FrameworkApp.Common.csproj", "{016B6B37-C64E-4751-B8D9-7183665454F5}"
EndProject
Global
	GlobalSection(SolutionConfigurationPlatforms) = preSolution
		Debug|Any CPU = Debug|Any CPU
		Release|Any CPU = Release|Any CPU
	EndGlobalSection
	GlobalSection(ProjectConfigurationPlatforms) = postSolution
		{A909CB7D-F28C-4B5B-93B3-015EE527D9B4}.Debug|Any CPU.ActiveCfg = Debug|Any CPU
		{A909CB7D-F28C-4B5B-93B3-015EE527D9B4}.Debug|Any CPU.Build.0 = Debug|Any CPU
		{A909CB7D-F28C-4B5B-93B3-015EE527D9B4}.Release|Any CPU.ActiveCfg = Release|Any CPU
		{A909CB7D-F28C-4B5B-93B3-015EE527D9B4}.Release|Any CPU.Build.0 = Release|Any CPU
		{557E5A94-27AD-40EB-A4A7-4B0B52B74F81}.Debug|Any CPU.ActiveCfg = Debug|Any CPU
		{557E5A94-27AD-40EB-A4A7-4B0B52B74F81}.Debug|Any CPU.Build.0 = Debug|Any CPU
		{557E5A94-27AD-40EB-A4A7-4B0B52B74F81}.Release|Any CPU.ActiveCfg = Release|Any CPU
		{557E5A94-27AD-40EB-A4A7-4B0B52B74F81}.Release|Any CPU.Build.0 = Release|Any CPU
		{23C1A0C5-4B55-404F-92C8-D69323594C78}.Debug|Any CPU.ActiveCfg = Debug|Any CPU
		{23C1A0C5-4B55-404F-92C8-D69323594C78}.Debug|Any CPU.Build.0 = Debug|Any CPU
		{23C1A0C5-4B55-404F-92C8-D69323594C78}.Release|Any CPU.ActiveCfg = Release|Any CPU
		{23C1A0C5-4B55-404F-92C8-D69323594C78}.Release|Any CPU.Build.0 = Release|Any CPU
		{3A2B6684-8CD0-41E4-924B-B188A42FB83C}.Debug|Any CPU.ActiveCfg = Debug|Any CPU
		{3A2B6684-8CD0-41E4-924B-B188A42FB83C}.Debug|Any CPU.Build.0 = Debug|Any CPU
		{3A2B6684-8CD0-41E4-924B-B188A42FB83C}.Release|Any CPU.ActiveCfg = Release|Any CPU
		{3A2B6684-8CD0-41E4-924B-B188A42FB83C}.Release|Any CPU.Build.0 = Release|Any CPU
		{E25D2ADF-9979-41E6-A42A-138701F93AFF}.Debug|Any CPU.ActiveCfg = Debug|Any CPU
		{E25D2ADF-9979-41E6-A42A-138701F93AFF}.Debug|Any CPU.Build.0 = Debug|Any CPU
		{E25D2ADF-9979-41E6-A42A-138701F93AFF}.Release|Any CPU.ActiveCfg = Release|Any CPU
		{E25D2ADF-9979-41E6-A42A-138701F93AFF}.Release|Any CPU.Build.0 = Release|Any CPU
		{9F5F530C-E65F-4E3B-9BC7-45FB4EB8E6A4}.Debug|Any CPU.ActiveCfg = Debug|Any CPU
		{9F5F530C-E65F-4E3B-9BC7-45FB4EB8E6A4}.Debug|Any CPU.Build.0 = Debug|Any CPU
		{9F5F530C-E65F-4E3B-9BC7-45FB4EB8E6A4}.Release|Any CPU.ActiveCfg = Release|Any CPU
		{9F5F530C-E65F-4E3B-9BC7-45FB4EB8E6A4}.Release|Any CPU.Build.0 = Release|Any CPU
		{F879033A-7A73-44AC-88EA-96A58220B543}.Debug|Any CPU.ActiveCfg = Debug|Any CPU
		{F879033A-7A73-44AC-88EA-96A58220B543}.Debug|Any CPU.Build.0 = Debug|Any CPU
		{F879033A-7A73-44AC-88EA-96A58220B543}.Release|Any CPU.ActiveCfg = Release|Any CPU
		{F879033A-7A73-44AC-88EA-96A58220B543}.Release|Any CPU.Build.0 = Release|Any CPU
		{016B6B37-C64E-4751-B8D9-7183665454F5}.Debug|Any CPU.ActiveCfg = Debug|Any CPU
		{016B6B37-C64E-4751-B8D9-7183665454F5}.Debug|Any CPU.Build.0 = Debug|Any CPU
		{016B6B37-C64E-4751-B8D9-7183665454F5}.Release|Any CPU.ActiveCfg = Release|Any CPU
		{016B6B37-C64E-4751-B8D9-7183665454F5}.Release|Any CPU.Build.0 = Release|Any CPU
	EndGlobalSection
	GlobalSection(SolutionProperties) = preSolution
		HideSolutionNode = FALSE
	EndGlobalSection
	GlobalSection(NestedProjects) = preSolution
		{557E5A94-27AD-40EB-A4A7-4B0B52B74F81} = {C1D04472-94B1-488C-BD39-6D696406B36D}
		{23C1A0C5-4B55-404F-92C8-D69323594C78} = {C1D04472-94B1-488C-BD39-6D696406B36D}
		{3A2B6684-8CD0-41E4-924B-B188A42FB83C} = {BBCA52BF-1C79-4234-9B6B-AEFCA05348AC}
		{E25D2ADF-9979-41E6-A42A-138701F93AFF} = {BBCA52BF-1C79-4234-9B6B-AEFCA05348AC}
		{9F5F530C-E65F-4E3B-9BC7-45FB4EB8E6A4} = {14535730-DF0C-4278-8438-8A1F9C8C43AF}
		{F879033A-7A73-44AC-88EA-96A58220B543} = {BBCA52BF-1C79-4234-9B6B-AEFCA05348AC}
		{016B6B37-C64E-4751-B8D9-7183665454F5} = {BBCA52BF-1C79-4234-9B6B-AEFCA05348AC}
	EndGlobalSection
	GlobalSection(ExtensibilityGlobals) = postSolution
		SolutionGuid = {B4CFE0AA-7C2D-4FC0-8855-BC350858ECFF}
	EndGlobalSection
EndGlobal
